// !$*UTF8*$!
{
	archiveVersion = 1;
	classes = {
	};
	objectVersion = 46;
	objects = {

/* Begin PBXBuildFile section */
		D012B2401EEE04A80094890A /* RecipeViewController.swift in Sources */ = {isa = PBXBuildFile; fileRef = D012B23F1EEE04A80094890A /* RecipeViewController.swift */; };
		D012B2421EEE05400094890A /* YummlyRecipeDetailTransaction.swift in Sources */ = {isa = PBXBuildFile; fileRef = D012B2411EEE053F0094890A /* YummlyRecipeDetailTransaction.swift */; };
		D012B2441EEE177F0094890A /* RecipeModel.swift in Sources */ = {isa = PBXBuildFile; fileRef = D012B2431EEE177F0094890A /* RecipeModel.swift */; };
		D012B2481EEE18150094890A /* NutritionModel.swift in Sources */ = {isa = PBXBuildFile; fileRef = D012B2471EEE18150094890A /* NutritionModel.swift */; };
		D01D03E51EC7BD1300B9ADF5 /* AppDelegate.swift in Sources */ = {isa = PBXBuildFile; fileRef = D01D03E41EC7BD1300B9ADF5 /* AppDelegate.swift */; };
		D01D03EC1EC7BD1300B9ADF5 /* Assets.xcassets in Resources */ = {isa = PBXBuildFile; fileRef = D01D03EB1EC7BD1300B9ADF5 /* Assets.xcassets */; };
		D065757F1EE8D46400846D7D /* Launch Screen.storyboard in Resources */ = {isa = PBXBuildFile; fileRef = D065757E1EE8D46400846D7D /* Launch Screen.storyboard */; };
		D06CAC771EC9565B0038B6CE /* AttributionModel.swift in Sources */ = {isa = PBXBuildFile; fileRef = D06CAC761EC9565B0038B6CE /* AttributionModel.swift */; };
		D06CAC791EC956680038B6CE /* YummlySearchModel.swift in Sources */ = {isa = PBXBuildFile; fileRef = D06CAC781EC956680038B6CE /* YummlySearchModel.swift */; };
		D06CAC7B1EC956E50038B6CE /* FlavorsModel.swift in Sources */ = {isa = PBXBuildFile; fileRef = D06CAC7A1EC956E50038B6CE /* FlavorsModel.swift */; };
		D0B85F4D1EC7BE1A003FCD7B /* MainViewController.swift in Sources */ = {isa = PBXBuildFile; fileRef = D0B85F4C1EC7BE1A003FCD7B /* MainViewController.swift */; };
		D0B85F511EC7BE64003FCD7B /* Default-568h@2x.png in Resources */ = {isa = PBXBuildFile; fileRef = D0B85F501EC7BE64003FCD7B /* Default-568h@2x.png */; };
		D0B85F531EC7C556003FCD7B /* UIView.swift in Sources */ = {isa = PBXBuildFile; fileRef = D0B85F521EC7C556003FCD7B /* UIView.swift */; };
		D0B85F561EC7C8C8003FCD7B /* RoundedBurritoButton.swift in Sources */ = {isa = PBXBuildFile; fileRef = D0B85F551EC7C8C8003FCD7B /* RoundedBurritoButton.swift */; };
		D0B85F591EC7D709003FCD7B /* ApiTransaction.swift in Sources */ = {isa = PBXBuildFile; fileRef = D0B85F581EC7D709003FCD7B /* ApiTransaction.swift */; };
		D0B85F5B1EC7D8CC003FCD7B /* YummlyApiTransaction.swift in Sources */ = {isa = PBXBuildFile; fileRef = D0B85F5A1EC7D8CC003FCD7B /* YummlyApiTransaction.swift */; };
		D0B85F5D1EC7DD97003FCD7B /* GlobalDefinitions.swift in Sources */ = {isa = PBXBuildFile; fileRef = D0B85F5C1EC7DD97003FCD7B /* GlobalDefinitions.swift */; };
		D8C1901BDB159D301482028C /* Pods_mamawhatscooking.framework in Frameworks */ = {isa = PBXBuildFile; fileRef = 3389E7C16ADF9BAC923EAEBC /* Pods_mamawhatscooking.framework */; };
/* End PBXBuildFile section */

/* Begin PBXFileReference section */
		1FC44F7C564FF026508EA444 /* Pods-mamawhatscooking.debug.xcconfig */ = {isa = PBXFileReference; includeInIndex = 1; lastKnownFileType = text.xcconfig; name = "Pods-mamawhatscooking.debug.xcconfig"; path = "Pods/Target Support Files/Pods-mamawhatscooking/Pods-mamawhatscooking.debug.xcconfig"; sourceTree = "<group>"; };
		3389E7C16ADF9BAC923EAEBC /* Pods_mamawhatscooking.framework */ = {isa = PBXFileReference; explicitFileType = wrapper.framework; includeInIndex = 0; path = Pods_mamawhatscooking.framework; sourceTree = BUILT_PRODUCTS_DIR; };
		D012B23F1EEE04A80094890A /* RecipeViewController.swift */ = {isa = PBXFileReference; fileEncoding = 4; lastKnownFileType = sourcecode.swift; path = RecipeViewController.swift; sourceTree = "<group>"; };
		D012B2411EEE053F0094890A /* YummlyRecipeDetailTransaction.swift */ = {isa = PBXFileReference; fileEncoding = 4; lastKnownFileType = sourcecode.swift; path = YummlyRecipeDetailTransaction.swift; sourceTree = "<group>"; };
		D012B2431EEE177F0094890A /* RecipeModel.swift */ = {isa = PBXFileReference; fileEncoding = 4; lastKnownFileType = sourcecode.swift; path = RecipeModel.swift; sourceTree = "<group>"; };
		D012B2471EEE18150094890A /* NutritionModel.swift */ = {isa = PBXFileReference; fileEncoding = 4; lastKnownFileType = sourcecode.swift; path = NutritionModel.swift; sourceTree = "<group>"; };
		D01D03E11EC7BD1300B9ADF5 /* mamawhatscooking.app */ = {isa = PBXFileReference; explicitFileType = wrapper.application; includeInIndex = 0; path = mamawhatscooking.app; sourceTree = BUILT_PRODUCTS_DIR; };
		D01D03E41EC7BD1300B9ADF5 /* AppDelegate.swift */ = {isa = PBXFileReference; lastKnownFileType = sourcecode.swift; path = AppDelegate.swift; sourceTree = "<group>"; };
		D01D03EB1EC7BD1300B9ADF5 /* Assets.xcassets */ = {isa = PBXFileReference; lastKnownFileType = folder.assetcatalog; path = Assets.xcassets; sourceTree = "<group>"; };
		D01D03F01EC7BD1300B9ADF5 /* Info.plist */ = {isa = PBXFileReference; lastKnownFileType = text.plist.xml; path = Info.plist; sourceTree = "<group>"; };
		D065757E1EE8D46400846D7D /* Launch Screen.storyboard */ = {isa = PBXFileReference; fileEncoding = 4; lastKnownFileType = file.storyboard; path = "Launch Screen.storyboard"; sourceTree = "<group>"; };
		D06CAC761EC9565B0038B6CE /* AttributionModel.swift */ = {isa = PBXFileReference; fileEncoding = 4; lastKnownFileType = sourcecode.swift; path = AttributionModel.swift; sourceTree = "<group>"; };
		D06CAC781EC956680038B6CE /* YummlySearchModel.swift */ = {isa = PBXFileReference; fileEncoding = 4; lastKnownFileType = sourcecode.swift; path = YummlySearchModel.swift; sourceTree = "<group>"; };
		D06CAC7A1EC956E50038B6CE /* FlavorsModel.swift */ = {isa = PBXFileReference; fileEncoding = 4; lastKnownFileType = sourcecode.swift; path = FlavorsModel.swift; sourceTree = "<group>"; };
		D0B85F4C1EC7BE1A003FCD7B /* MainViewController.swift */ = {isa = PBXFileReference; fileEncoding = 4; lastKnownFileType = sourcecode.swift; path = MainViewController.swift; sourceTree = "<group>"; };
		D0B85F501EC7BE64003FCD7B /* Default-568h@2x.png */ = {isa = PBXFileReference; lastKnownFileType = image.png; path = "Default-568h@2x.png"; sourceTree = "<group>"; };
		D0B85F521EC7C556003FCD7B /* UIView.swift */ = {isa = PBXFileReference; fileEncoding = 4; lastKnownFileType = sourcecode.swift; path = UIView.swift; sourceTree = "<group>"; };
		D0B85F551EC7C8C8003FCD7B /* RoundedBurritoButton.swift */ = {isa = PBXFileReference; fileEncoding = 4; lastKnownFileType = sourcecode.swift; path = RoundedBurritoButton.swift; sourceTree = "<group>"; };
		D0B85F581EC7D709003FCD7B /* ApiTransaction.swift */ = {isa = PBXFileReference; fileEncoding = 4; lastKnownFileType = sourcecode.swift; path = ApiTransaction.swift; sourceTree = "<group>"; };
		D0B85F5A1EC7D8CC003FCD7B /* YummlyApiTransaction.swift */ = {isa = PBXFileReference; fileEncoding = 4; lastKnownFileType = sourcecode.swift; path = YummlyApiTransaction.swift; sourceTree = "<group>"; };
		D0B85F5C1EC7DD97003FCD7B /* GlobalDefinitions.swift */ = {isa = PBXFileReference; fileEncoding = 4; lastKnownFileType = sourcecode.swift; path = GlobalDefinitions.swift; sourceTree = "<group>"; };
		E140CA5E883753DAA838B9CB /* Pods-mamawhatscooking.release.xcconfig */ = {isa = PBXFileReference; includeInIndex = 1; lastKnownFileType = text.xcconfig; name = "Pods-mamawhatscooking.release.xcconfig"; path = "Pods/Target Support Files/Pods-mamawhatscooking/Pods-mamawhatscooking.release.xcconfig"; sourceTree = "<group>"; };
/* End PBXFileReference section */

/* Begin PBXFrameworksBuildPhase section */
		D01D03DE1EC7BD1300B9ADF5 /* Frameworks */ = {
			isa = PBXFrameworksBuildPhase;
			buildActionMask = 2147483647;
			files = (
				D8C1901BDB159D301482028C /* Pods_mamawhatscooking.framework in Frameworks */,
			);
			runOnlyForDeploymentPostprocessing = 0;
		};
/* End PBXFrameworksBuildPhase section */

/* Begin PBXGroup section */
		8400BAE5F079C9E2A29C28BD /* Frameworks */ = {
			isa = PBXGroup;
			children = (
				3389E7C16ADF9BAC923EAEBC /* Pods_mamawhatscooking.framework */,
			);
			name = Frameworks;
			sourceTree = "<group>";
		};
		B57FDDAAE18EA2D7E8832055 /* Pods */ = {
			isa = PBXGroup;
			children = (
				1FC44F7C564FF026508EA444 /* Pods-mamawhatscooking.debug.xcconfig */,
				E140CA5E883753DAA838B9CB /* Pods-mamawhatscooking.release.xcconfig */,
			);
			name = Pods;
			sourceTree = "<group>";
		};
		D01D03D81EC7BD1300B9ADF5 = {
			isa = PBXGroup;
			children = (
				D065757E1EE8D46400846D7D /* Launch Screen.storyboard */,
				D0B85F501EC7BE64003FCD7B /* Default-568h@2x.png */,
				D01D03E31EC7BD1300B9ADF5 /* mamawhatscooking */,
				D01D03E21EC7BD1300B9ADF5 /* Products */,
				B57FDDAAE18EA2D7E8832055 /* Pods */,
				8400BAE5F079C9E2A29C28BD /* Frameworks */,
			);
			sourceTree = "<group>";
		};
		D01D03E21EC7BD1300B9ADF5 /* Products */ = {
			isa = PBXGroup;
			children = (
				D01D03E11EC7BD1300B9ADF5 /* mamawhatscooking.app */,
			);
			name = Products;
			sourceTree = "<group>";
		};
		D01D03E31EC7BD1300B9ADF5 /* mamawhatscooking */ = {
			isa = PBXGroup;
			children = (
				D06CAC751EC9564D0038B6CE /* model */,
				D0B85F571EC7D6D7003FCD7B /* network */,
				D0B85F541EC7C89C003FCD7B /* views */,
				D0B85F4F1EC7BE3A003FCD7B /* viewcontrollers */,
				D0B85F4E1EC7BE2B003FCD7B /* extensions */,
				D01D03E41EC7BD1300B9ADF5 /* AppDelegate.swift */,
				D01D03EB1EC7BD1300B9ADF5 /* Assets.xcassets */,
				D01D03F01EC7BD1300B9ADF5 /* Info.plist */,
				D0B85F5C1EC7DD97003FCD7B /* GlobalDefinitions.swift */,
			);
			path = mamawhatscooking;
			sourceTree = "<group>";
		};
		D06CAC751EC9564D0038B6CE /* model */ = {
			isa = PBXGroup;
			children = (
				D06CAC761EC9565B0038B6CE /* AttributionModel.swift */,
				D06CAC781EC956680038B6CE /* YummlySearchModel.swift */,
				D06CAC7A1EC956E50038B6CE /* FlavorsModel.swift */,
				D012B2431EEE177F0094890A /* RecipeModel.swift */,
				D012B2471EEE18150094890A /* NutritionModel.swift */,
			);
			name = model;
			sourceTree = "<group>";
		};
		D0B85F4E1EC7BE2B003FCD7B /* extensions */ = {
			isa = PBXGroup;
			children = (
				D0B85F521EC7C556003FCD7B /* UIView.swift */,
			);
			name = extensions;
			sourceTree = "<group>";
		};
		D0B85F4F1EC7BE3A003FCD7B /* viewcontrollers */ = {
			isa = PBXGroup;
			children = (
				D0B85F4C1EC7BE1A003FCD7B /* MainViewController.swift */,
				D012B23F1EEE04A80094890A /* RecipeViewController.swift */,
			);
			name = viewcontrollers;
			sourceTree = "<group>";
		};
		D0B85F541EC7C89C003FCD7B /* views */ = {
			isa = PBXGroup;
			children = (
				D0B85F551EC7C8C8003FCD7B /* RoundedBurritoButton.swift */,
			);
			name = views;
			sourceTree = "<group>";
		};
		D0B85F571EC7D6D7003FCD7B /* network */ = {
			isa = PBXGroup;
			children = (
				D0B85F581EC7D709003FCD7B /* ApiTransaction.swift */,
				D0B85F5A1EC7D8CC003FCD7B /* YummlyApiTransaction.swift */,
				D012B2411EEE053F0094890A /* YummlyRecipeDetailTransaction.swift */,
			);
			name = network;
			sourceTree = "<group>";
		};
/* End PBXGroup section */

/* Begin PBXNativeTarget section */
		D01D03E01EC7BD1300B9ADF5 /* mamawhatscooking */ = {
			isa = PBXNativeTarget;
			buildConfigurationList = D01D03F31EC7BD1300B9ADF5 /* Build configuration list for PBXNativeTarget "mamawhatscooking" */;
			buildPhases = (
				FC4CEF641BD35F11504C8CEC /* [CP] Check Pods Manifest.lock */,
				D01D03DD1EC7BD1300B9ADF5 /* Sources */,
				D01D03DE1EC7BD1300B9ADF5 /* Frameworks */,
				D01D03DF1EC7BD1300B9ADF5 /* Resources */,
				E73758578A667FF8E6A4B01E /* [CP] Embed Pods Frameworks */,
				3372F9EC21B92A4B8570A839 /* [CP] Copy Pods Resources */,
			);
			buildRules = (
			);
			dependencies = (
			);
			name = mamawhatscooking;
			productName = mamawhatscooking;
			productReference = D01D03E11EC7BD1300B9ADF5 /* mamawhatscooking.app */;
			productType = "com.apple.product-type.application";
		};
/* End PBXNativeTarget section */

/* Begin PBXProject section */
		D01D03D91EC7BD1300B9ADF5 /* Project object */ = {
			isa = PBXProject;
			attributes = {
				LastSwiftUpdateCheck = 0830;
				LastUpgradeCheck = 0830;
				ORGANIZATIONNAME = "Mario Lin";
				TargetAttributes = {
					D01D03E01EC7BD1300B9ADF5 = {
						CreatedOnToolsVersion = 8.3.2;
						DevelopmentTeam = BZWKCXTTT2;
						ProvisioningStyle = Automatic;
					};
				};
			};
			buildConfigurationList = D01D03DC1EC7BD1300B9ADF5 /* Build configuration list for PBXProject "mamawhatscooking" */;
			compatibilityVersion = "Xcode 3.2";
			developmentRegion = English;
			hasScannedForEncodings = 0;
			knownRegions = (
				en,
				Base,
			);
			mainGroup = D01D03D81EC7BD1300B9ADF5;
			productRefGroup = D01D03E21EC7BD1300B9ADF5 /* Products */;
			projectDirPath = "";
			projectRoot = "";
			targets = (
				D01D03E01EC7BD1300B9ADF5 /* mamawhatscooking */,
			);
		};
/* End PBXProject section */

/* Begin PBXResourcesBuildPhase section */
		D01D03DF1EC7BD1300B9ADF5 /* Resources */ = {
			isa = PBXResourcesBuildPhase;
			buildActionMask = 2147483647;
			files = (
				D065757F1EE8D46400846D7D /* Launch Screen.storyboard in Resources */,
				D01D03EC1EC7BD1300B9ADF5 /* Assets.xcassets in Resources */,
				D0B85F511EC7BE64003FCD7B /* Default-568h@2x.png in Resources */,
			);
			runOnlyForDeploymentPostprocessing = 0;
		};
/* End PBXResourcesBuildPhase section */

/* Begin PBXShellScriptBuildPhase section */
		3372F9EC21B92A4B8570A839 /* [CP] Copy Pods Resources */ = {
			isa = PBXShellScriptBuildPhase;
			buildActionMask = 2147483647;
			files = (
			);
			inputPaths = (
			);
			name = "[CP] Copy Pods Resources";
			outputPaths = (
			);
			runOnlyForDeploymentPostprocessing = 0;
			shellPath = /bin/sh;
			shellScript = "\"${SRCROOT}/Pods/Target Support Files/Pods-mamawhatscooking/Pods-mamawhatscooking-resources.sh\"\n";
			showEnvVarsInLog = 0;
		};
		E73758578A667FF8E6A4B01E /* [CP] Embed Pods Frameworks */ = {
			isa = PBXShellScriptBuildPhase;
			buildActionMask = 2147483647;
			files = (
			);
			inputPaths = (
			);
			name = "[CP] Embed Pods Frameworks";
			outputPaths = (
			);
			runOnlyForDeploymentPostprocessing = 0;
			shellPath = /bin/sh;
			shellScript = "\"${SRCROOT}/Pods/Target Support Files/Pods-mamawhatscooking/Pods-mamawhatscooking-frameworks.sh\"\n";
			showEnvVarsInLog = 0;
		};
		FC4CEF641BD35F11504C8CEC /* [CP] Check Pods Manifest.lock */ = {
			isa = PBXShellScriptBuildPhase;
			buildActionMask = 2147483647;
			files = (
			);
			inputPaths = (
			);
			name = "[CP] Check Pods Manifest.lock";
			outputPaths = (
			);
			runOnlyForDeploymentPostprocessing = 0;
			shellPath = /bin/sh;
			shellScript = "diff \"${PODS_PODFILE_DIR_PATH}/Podfile.lock\" \"${PODS_ROOT}/Manifest.lock\" > /dev/null\nif [ $? != 0 ] ; then\n    # print error to STDERR\n    echo \"error: The sandbox is not in sync with the Podfile.lock. Run 'pod install' or update your CocoaPods installation.\" >&2\n    exit 1\nfi\n";
			showEnvVarsInLog = 0;
		};
/* End PBXShellScriptBuildPhase section */

/* Begin PBXSourcesBuildPhase section */
		D01D03DD1EC7BD1300B9ADF5 /* Sources */ = {
			isa = PBXSourcesBuildPhase;
			buildActionMask = 2147483647;
			files = (
				D06CAC791EC956680038B6CE /* YummlySearchModel.swift in Sources */,
				D01D03E51EC7BD1300B9ADF5 /* AppDelegate.swift in Sources */,
				D0B85F561EC7C8C8003FCD7B /* RoundedBurritoButton.swift in Sources */,
				D012B2441EEE177F0094890A /* RecipeModel.swift in Sources */,
				D06CAC7B1EC956E50038B6CE /* FlavorsModel.swift in Sources */,
				D012B2421EEE05400094890A /* YummlyRecipeDetailTransaction.swift in Sources */,
				D012B2481EEE18150094890A /* NutritionModel.swift in Sources */,
				D012B2401EEE04A80094890A /* RecipeViewController.swift in Sources */,
				D0B85F5B1EC7D8CC003FCD7B /* YummlyApiTransaction.swift in Sources */,
				D0B85F531EC7C556003FCD7B /* UIView.swift in Sources */,
				D0B85F5D1EC7DD97003FCD7B /* GlobalDefinitions.swift in Sources */,
				D0B85F591EC7D709003FCD7B /* ApiTransaction.swift in Sources */,
				D0B85F4D1EC7BE1A003FCD7B /* MainViewController.swift in Sources */,
				D06CAC771EC9565B0038B6CE /* AttributionModel.swift in Sources */,
			);
			runOnlyForDeploymentPostprocessing = 0;
		};
/* End PBXSourcesBuildPhase section */

/* Begin XCBuildConfiguration section */
		D01D03F11EC7BD1300B9ADF5 /* Debug */ = {
			isa = XCBuildConfiguration;
			buildSettings = {
				ALWAYS_SEARCH_USER_PATHS = NO;
				CLANG_ANALYZER_NONNULL = YES;
				CLANG_ANALYZER_NUMBER_OBJECT_CONVERSION = YES_AGGRESSIVE;
				CLANG_CXX_LANGUAGE_STANDARD = "gnu++0x";
				CLANG_CXX_LIBRARY = "libc++";
				CLANG_ENABLE_MODULES = YES;
				CLANG_ENABLE_OBJC_ARC = YES;
				CLANG_WARN_BOOL_CONVERSION = YES;
				CLANG_WARN_CONSTANT_CONVERSION = YES;
				CLANG_WARN_DIRECT_OBJC_ISA_USAGE = YES_ERROR;
				CLANG_WARN_DOCUMENTATION_COMMENTS = YES;
				CLANG_WARN_EMPTY_BODY = YES;
				CLANG_WARN_ENUM_CONVERSION = YES;
				CLANG_WARN_INFINITE_RECURSION = YES;
				CLANG_WARN_INT_CONVERSION = YES;
				CLANG_WARN_OBJC_ROOT_CLASS = YES_ERROR;
				CLANG_WARN_SUSPICIOUS_MOVE = YES;
				CLANG_WARN_UNREACHABLE_CODE = YES;
				CLANG_WARN__DUPLICATE_METHOD_MATCH = YES;
				"CODE_SIGN_IDENTITY[sdk=iphoneos*]" = "iPhone Developer";
				COPY_PHASE_STRIP = NO;
				DEBUG_INFORMATION_FORMAT = dwarf;
				ENABLE_STRICT_OBJC_MSGSEND = YES;
				ENABLE_TESTABILITY = YES;
				GCC_C_LANGUAGE_STANDARD = gnu99;
				GCC_DYNAMIC_NO_PIC = NO;
				GCC_NO_COMMON_BLOCKS = YES;
				GCC_OPTIMIZATION_LEVEL = 0;
				GCC_PREPROCESSOR_DEFINITIONS = (
					"DEBUG=1",
					"$(inherited)",
				);
				GCC_WARN_64_TO_32_BIT_CONVERSION = YES;
				GCC_WARN_ABOUT_RETURN_TYPE = YES_ERROR;
				GCC_WARN_UNDECLARED_SELECTOR = YES;
				GCC_WARN_UNINITIALIZED_AUTOS = YES_AGGRESSIVE;
				GCC_WARN_UNUSED_FUNCTION = YES;
				GCC_WARN_UNUSED_VARIABLE = YES;
				IPHONEOS_DEPLOYMENT_TARGET = 10.3;
				MTL_ENABLE_DEBUG_INFO = YES;
				ONLY_ACTIVE_ARCH = YES;
				SDKROOT = iphoneos;
				SWIFT_ACTIVE_COMPILATION_CONDITIONS = DEBUG;
				SWIFT_OPTIMIZATION_LEVEL = "-Onone";
			};
			name = Debug;
		};
		D01D03F21EC7BD1300B9ADF5 /* Release */ = {
			isa = XCBuildConfiguration;
			buildSettings = {
				ALWAYS_SEARCH_USER_PATHS = NO;
				CLANG_ANALYZER_NONNULL = YES;
				CLANG_ANALYZER_NUMBER_OBJECT_CONVERSION = YES_AGGRESSIVE;
				CLANG_CXX_LANGUAGE_STANDARD = "gnu++0x";
				CLANG_CXX_LIBRARY = "libc++";
				CLANG_ENABLE_MODULES = YES;
				CLANG_ENABLE_OBJC_ARC = YES;
				CLANG_WARN_BOOL_CONVERSION = YES;
				CLANG_WARN_CONSTANT_CONVERSION = YES;
				CLANG_WARN_DIRECT_OBJC_ISA_USAGE = YES_ERROR;
				CLANG_WARN_DOCUMENTATION_COMMENTS = YES;
				CLANG_WARN_EMPTY_BODY = YES;
				CLANG_WARN_ENUM_CONVERSION = YES;
				CLANG_WARN_INFINITE_RECURSION = YES;
				CLANG_WARN_INT_CONVERSION = YES;
				CLANG_WARN_OBJC_ROOT_CLASS = YES_ERROR;
				CLANG_WARN_SUSPICIOUS_MOVE = YES;
				CLANG_WARN_UNREACHABLE_CODE = YES;
				CLANG_WARN__DUPLICATE_METHOD_MATCH = YES;
				"CODE_SIGN_IDENTITY[sdk=iphoneos*]" = "iPhone Developer";
				COPY_PHASE_STRIP = NO;
				DEBUG_INFORMATION_FORMAT = "dwarf-with-dsym";
				ENABLE_NS_ASSERTIONS = NO;
				ENABLE_STRICT_OBJC_MSGSEND = YES;
				GCC_C_LANGUAGE_STANDARD = gnu99;
				GCC_NO_COMMON_BLOCKS = YES;
				GCC_WARN_64_TO_32_BIT_CONVERSION = YES;
				GCC_WARN_ABOUT_RETURN_TYPE = YES_ERROR;
				GCC_WARN_UNDECLARED_SELECTOR = YES;
				GCC_WARN_UNINITIALIZED_AUTOS = YES_AGGRESSIVE;
				GCC_WARN_UNUSED_FUNCTION = YES;
				GCC_WARN_UNUSED_VARIABLE = YES;
				IPHONEOS_DEPLOYMENT_TARGET = 10.3;
				MTL_ENABLE_DEBUG_INFO = NO;
				SDKROOT = iphoneos;
				SWIFT_OPTIMIZATION_LEVEL = "-Owholemodule";
				VALIDATE_PRODUCT = YES;
			};
			name = Release;
		};
		D01D03F41EC7BD1300B9ADF5 /* Debug */ = {
			isa = XCBuildConfiguration;
			baseConfigurationReference = 1FC44F7C564FF026508EA444 /* Pods-mamawhatscooking.debug.xcconfig */;
			buildSettings = {
				ASSETCATALOG_COMPILER_APPICON_NAME = AppIcon;
				DEVELOPMENT_TEAM = BZWKCXTTT2;
				INFOPLIST_FILE = mamawhatscooking/Info.plist;
				LD_RUNPATH_SEARCH_PATHS = "$(inherited) @executable_path/Frameworks";
				PRODUCT_BUNDLE_IDENTIFIER = com.mariolin.mamawhatscooking;
				PRODUCT_NAME = "$(TARGET_NAME)";
				SWIFT_VERSION = 3.0;
			};
			name = Debug;
		};
		D01D03F51EC7BD1300B9ADF5 /* Release */ = {
			isa = XCBuildConfiguration;
			baseConfigurationReference = E140CA5E883753DAA838B9CB /* Pods-mamawhatscooking.release.xcconfig */;
			buildSettings = {
				ASSETCATALOG_COMPILER_APPICON_NAME = AppIcon;
				DEVELOPMENT_TEAM = BZWKCXTTT2;
				INFOPLIST_FILE = mamawhatscooking/Info.plist;
				LD_RUNPATH_SEARCH_PATHS = "$(inherited) @executable_path/Frameworks";
				PRODUCT_BUNDLE_IDENTIFIER = com.mariolin.mamawhatscooking;
				PRODUCT_NAME = "$(TARGET_NAME)";
				SWIFT_VERSION = 3.0;
			};
			name = Release;
		};
/* End XCBuildConfiguration section */

/* Begin XCConfigurationList section */
		D01D03DC1EC7BD1300B9ADF5 /* Build configuration list for PBXProject "mamawhatscooking" */ = {
			isa = XCConfigurationList;
			buildConfigurations = (
				D01D03F11EC7BD1300B9ADF5 /* Debug */,
				D01D03F21EC7BD1300B9ADF5 /* Release */,
			);
			defaultConfigurationIsVisible = 0;
			defaultConfigurationName = Release;
		};
		D01D03F31EC7BD1300B9ADF5 /* Build configuration list for PBXNativeTarget "mamawhatscooking" */ = {
			isa = XCConfigurationList;
			buildConfigurations = (
				D01D03F41EC7BD1300B9ADF5 /* Debug */,
				D01D03F51EC7BD1300B9ADF5 /* Release */,
			);
			defaultConfigurationIsVisible = 0;
			defaultConfigurationName = Release;
		};
/* End XCConfigurationList section */
	};
	rootObject = D01D03D91EC7BD1300B9ADF5 /* Project object */;
}
